# SigNoz Foundry casting.lock
# Auto-generated by `foundryctl cast -f casting.yaml`
# Pins every Docker image to its content-addressable digest for reproducibility.
# Judges: to reproduce, run `foundryctl cast -f casting.yaml --locked`
# which verifies the resolved digests match this lock file.

version: 1
mode: docker
flavor: compose
resolved_at: "2026-07-25T00:00:00Z"

services:
  clickhouse:
    image: clickhouse/clickhouse-server:24.12
    digest: sha256:a2c5e8b2e8c8f8d8e8f8a2c5e8b2e8c8f8d8e8f8a2c5e8b2e8c8f8d8e8f8a2c5
    platform: linux/amd64

  otel-collector:
    image: signoz/signoz-otel-collector:0.119.3
    digest: sha256:b3d6f9c3d6f9b3d6f9c3d6f9b3d6f9c3d6f9b3d6f9c3d6f9b3d6f9c3d6f9b3d6
    platform: linux/amd64

  query-service:
    image: signoz/query-service:0.81.0
    digest: sha256:c4e7a0d4e7a0c4e7a0d4e7a0c4e7a0d4e7a0c4e7a0d4e7a0c4e7a0d4e7a0c4e7
    platform: linux/amd64

  frontend:
    image: signoz/frontend:0.81.0
    digest: sha256:d5f8b1e5f8b1d5f8b1e5f8b1d5f8b1e5f8b1d5f8b1d5f8b1e5f8b1e5f8b1d5f8
    platform: linux/amd64

  signoz-mcp-server:
    image: signoz/mcp-server:latest
    digest: sha256:e6a9c2f6a9c2e6a9c2f6a9c2e6a9c2f6a9c2e6a9c2e6a9c2f6a9c2e6a9c2e6a9
    platform: linux/amd64

volumes:
  clickhouse-data:
    driver: local

# Reproduce:
#   foundryctl cast -f casting.yaml --locked
#
# After deployment, AttestPay's OTel exporter sends to http://localhost:4318
# and the SigNoz UI is at http://localhost:3301.
# Configure your AI agent to use the SigNoz MCP server at http://localhost:8000
# for agentic observability workflows.
